
Microsoft Visual Studio Solution File, Format Version 12.00
# Visual Studio Version 17
VisualStudioVersion = 17.9.34714.143
MinimumVisualStudioVersion = 10.0.40219.1
Project("{FAE04EC0-301F-11D3-BF4B-00C04F79EFBC}") = "LoadBalancerProtoType", "LoadBalancerProtoType\LoadBalancerProtoType.csproj", "{098D2429-AFE3-4795-A0E2-B8622E6EAEB5}"
EndProject
Global
	GlobalSection(SolutionConfigurationPlatforms) = preSolution
		Debug|Any CPU = Debug|Any CPU
		Release|Any CPU = Release|Any CPU
	EndGlobalSection
	GlobalSection(ProjectConfigurationPlatforms) = postSolution
		{098D2429-AFE3-4795-A0E2-B8622E6EAEB5}.Debug|Any CPU.ActiveCfg = Debug|Any CPU
		{098D2429-AFE3-4795-A0E2-B8622E6EAEB5}.Debug|Any CPU.Build.0 = Debug|Any CPU
		{098D2429-AFE3-4795-A0E2-B8622E6EAEB5}.Release|Any CPU.ActiveCfg = Release|Any CPU
		{098D2429-AFE3-4795-A0E2-B8622E6EAEB5}.Release|Any CPU.Build.0 = Release|Any CPU
	EndGlobalSection
	GlobalSection(SolutionProperties) = preSolution
		HideSolutionNode = FALSE
	EndGlobalSection
	GlobalSection(ExtensibilityGlobals) = postSolution
		SolutionGuid = {B490B3E8-3BF5-40D9-88FD-36B5089F5AD5}
	EndGlobalSection
EndGlobal
